// !$*UTF8*$!
{
	archiveVersion = 1;
	classes = {
	};
	objectVersion = 51;
	objects = {

/* Begin PBXBuildFile section */
		CA762396F1E995DA0425E0C5 /* Pods_iconChat.framework in Frameworks */ = {isa = PBXBuildFile; fileRef = 1F799C384691151D22378AD4 /* Pods_iconChat.framework */; };
		D02DC46922F3ECE000CC2A08 /* Room3ViewController.swift in Sources */ = {isa = PBXBuildFile; fileRef = D02DC46822F3ECE000CC2A08 /* Room3ViewController.swift */; };
		D02DC46B22F40F9A00CC2A08 /* Room4ViewController.swift in Sources */ = {isa = PBXBuildFile; fileRef = D02DC46A22F40F9A00CC2A08 /* Room4ViewController.swift */; };
		D02DC46D22F42BD400CC2A08 /* Room5ViewController.swift in Sources */ = {isa = PBXBuildFile; fileRef = D02DC46C22F42BD400CC2A08 /* Room5ViewController.swift */; };
		D033975322E8707A00B898B9 /* loginViewController.swift in Sources */ = {isa = PBXBuildFile; fileRef = D033975222E8707A00B898B9 /* loginViewController.swift */; };
		D0454E4322F3E7D100428E8A /* nothing2@3x.png in Resources */ = {isa = PBXBuildFile; fileRef = D0454E4022F3E7D100428E8A /* nothing2@3x.png */; };
		D0454E4422F3E7D100428E8A /* nothing2@2x.png in Resources */ = {isa = PBXBuildFile; fileRef = D0454E4122F3E7D100428E8A /* nothing2@2x.png */; };
		D0454E4522F3E7D100428E8A /* nothing2.png in Resources */ = {isa = PBXBuildFile; fileRef = D0454E4222F3E7D100428E8A /* nothing2.png */; };
		D064D9BE22EF79940072E83E /* PostTableViewCell.swift in Sources */ = {isa = PBXBuildFile; fileRef = D064D9BC22EF79940072E83E /* PostTableViewCell.swift */; };
		D064D9BF22EF79940072E83E /* PostTableViewCell.xib in Resources */ = {isa = PBXBuildFile; fileRef = D064D9BD22EF79940072E83E /* PostTableViewCell.xib */; };
		D07B5BFF22E21755006B339C /* AppDelegate.swift in Sources */ = {isa = PBXBuildFile; fileRef = D07B5BFE22E21755006B339C /* AppDelegate.swift */; };
		D07B5C0122E21755006B339C /* ViewController.swift in Sources */ = {isa = PBXBuildFile; fileRef = D07B5C0022E21755006B339C /* ViewController.swift */; };
		D07B5C0422E21755006B339C /* Main.storyboard in Resources */ = {isa = PBXBuildFile; fileRef = D07B5C0222E21755006B339C /* Main.storyboard */; };
		D07B5C0622E21756006B339C /* Assets.xcassets in Resources */ = {isa = PBXBuildFile; fileRef = D07B5C0522E21756006B339C /* Assets.xcassets */; };
		D07B5C0922E21756006B339C /* LaunchScreen.storyboard in Resources */ = {isa = PBXBuildFile; fileRef = D07B5C0722E21756006B339C /* LaunchScreen.storyboard */; };
		D07B5C7022E21FD5006B339C /* girl@3x.png in Resources */ = {isa = PBXBuildFile; fileRef = D07B5C5222E21FD2006B339C /* girl@3x.png */; };
		D07B5C7122E21FD5006B339C /* hime@2x.png in Resources */ = {isa = PBXBuildFile; fileRef = D07B5C5322E21FD2006B339C /* hime@2x.png */; };
		D07B5C7222E21FD5006B339C /* oldman@3x.png in Resources */ = {isa = PBXBuildFile; fileRef = D07B5C5422E21FD2006B339C /* oldman@3x.png */; };
		D07B5C7322E21FD5006B339C /* god@2x.png in Resources */ = {isa = PBXBuildFile; fileRef = D07B5C5522E21FD2006B339C /* god@2x.png */; };
		D07B5C7422E21FD5006B339C /* hime@3x.png in Resources */ = {isa = PBXBuildFile; fileRef = D07B5C5622E21FD2006B339C /* hime@3x.png */; };
		D07B5C7522E21FD5006B339C /* god@3x.png in Resources */ = {isa = PBXBuildFile; fileRef = D07B5C5722E21FD2006B339C /* god@3x.png */; };
		D07B5C7622E21FD5006B339C /* sportman@3x.png in Resources */ = {isa = PBXBuildFile; fileRef = D07B5C5822E21FD2006B339C /* sportman@3x.png */; };
		D07B5C7722E21FD5006B339C /* girl.png in Resources */ = {isa = PBXBuildFile; fileRef = D07B5C5922E21FD2006B339C /* girl.png */; };
		D07B5C7822E21FD5006B339C /* magicman@3x.png in Resources */ = {isa = PBXBuildFile; fileRef = D07B5C5A22E21FD2006B339C /* magicman@3x.png */; };
		D07B5C7922E21FD5006B339C /* man@3x.png in Resources */ = {isa = PBXBuildFile; fileRef = D07B5C5B22E21FD2006B339C /* man@3x.png */; };
		D07B5C7A22E21FD5006B339C /* man@2x.png in Resources */ = {isa = PBXBuildFile; fileRef = D07B5C5C22E21FD3006B339C /* man@2x.png */; };
		D07B5C7B22E21FD5006B339C /* tono@2x.png in Resources */ = {isa = PBXBuildFile; fileRef = D07B5C5D22E21FD3006B339C /* tono@2x.png */; };
		D07B5C7C22E21FD5006B339C /* tono@3x.png in Resources */ = {isa = PBXBuildFile; fileRef = D07B5C5E22E21FD3006B339C /* tono@3x.png */; };
		D07B5C7D22E21FD5006B339C /* magicman@2x.png in Resources */ = {isa = PBXBuildFile; fileRef = D07B5C5F22E21FD3006B339C /* magicman@2x.png */; };
		D07B5C7E22E21FD5006B339C /* magicman.png in Resources */ = {isa = PBXBuildFile; fileRef = D07B5C6022E21FD3006B339C /* magicman.png */; };
		D07B5C8022E21FD5006B339C /* god.png in Resources */ = {isa = PBXBuildFile; fileRef = D07B5C6222E21FD3006B339C /* god.png */; };
		D07B5C8422E21FD5006B339C /* sportman@2x.png in Resources */ = {isa = PBXBuildFile; fileRef = D07B5C6622E21FD3006B339C /* sportman@2x.png */; };
		D07B5C8622E21FD5006B339C /* tono.png in Resources */ = {isa = PBXBuildFile; fileRef = D07B5C6822E21FD4006B339C /* tono.png */; };
		D07B5C8722E21FD5006B339C /* man.png in Resources */ = {isa = PBXBuildFile; fileRef = D07B5C6922E21FD4006B339C /* man.png */; };
		D07B5C8922E21FD5006B339C /* oldman.png in Resources */ = {isa = PBXBuildFile; fileRef = D07B5C6B22E21FD4006B339C /* oldman.png */; };
		D07B5C8A22E21FD5006B339C /* girl@2x.png in Resources */ = {isa = PBXBuildFile; fileRef = D07B5C6C22E21FD4006B339C /* girl@2x.png */; };
		D07B5C8B22E21FD5006B339C /* sportman.png in Resources */ = {isa = PBXBuildFile; fileRef = D07B5C6D22E21FD4006B339C /* sportman.png */; };
		D07B5C8C22E21FD5006B339C /* oldman@2x.png in Resources */ = {isa = PBXBuildFile; fileRef = D07B5C6E22E21FD4006B339C /* oldman@2x.png */; };
		D07B5C8D22E21FD5006B339C /* hime.png in Resources */ = {isa = PBXBuildFile; fileRef = D07B5C6F22E21FD5006B339C /* hime.png */; };
		D07B5C9122E22298006B339C /* death.png in Resources */ = {isa = PBXBuildFile; fileRef = D07B5C8E22E22297006B339C /* death.png */; };
		D07B5C9222E22298006B339C /* death@x3.png in Resources */ = {isa = PBXBuildFile; fileRef = D07B5C8F22E22297006B339C /* death@x3.png */; };
		D07B5C9322E22298006B339C /* death@x2.png in Resources */ = {isa = PBXBuildFile; fileRef = D07B5C9022E22297006B339C /* death@x2.png */; };
		D0ACB9A222E346D0006F155E /* GoogleService-Info.plist in Resources */ = {isa = PBXBuildFile; fileRef = D0ACB9A122E346D0006F155E /* GoogleService-Info.plist */; };
		D0D9BAEC22F3CD3800C3CB37 /* Room2ViewController.swift in Sources */ = {isa = PBXBuildFile; fileRef = D0D9BAEB22F3CD3800C3CB37 /* Room2ViewController.swift */; };
		D0F42A2722EE282E00B95BAD /* Room1ViewController.swift in Sources */ = {isa = PBXBuildFile; fileRef = D0F42A2622EE282E00B95BAD /* Room1ViewController.swift */; };
		D0F42A2922EE2AA000B95BAD /* SelectViewController.swift in Sources */ = {isa = PBXBuildFile; fileRef = D0F42A2822EE2AA000B95BAD /* SelectViewController.swift */; };
		D0F42A2B22EE2E3D00B95BAD /* PostDate.swift in Sources */ = {isa = PBXBuildFile; fileRef = D0F42A2A22EE2E3D00B95BAD /* PostDate.swift */; };
/* End PBXBuildFile section */

/* Begin PBXFileReference section */
		1F799C384691151D22378AD4 /* Pods_iconChat.framework */ = {isa = PBXFileReference; explicitFileType = wrapper.framework; includeInIndex = 0; path = Pods_iconChat.framework; sourceTree = BUILT_PRODUCTS_DIR; };
		95AE7F32138CA3A1430F801E /* Pods-iconChat.debug.xcconfig */ = {isa = PBXFileReference; includeInIndex = 1; lastKnownFileType = text.xcconfig; name = "Pods-iconChat.debug.xcconfig"; path = "Target Support Files/Pods-iconChat/Pods-iconChat.debug.xcconfig"; sourceTree = "<group>"; };
		9FA257EDE58C34789A246B3F /* Pods-iconChat.release.xcconfig */ = {isa = PBXFileReference; includeInIndex = 1; lastKnownFileType = text.xcconfig; name = "Pods-iconChat.release.xcconfig"; path = "Target Support Files/Pods-iconChat/Pods-iconChat.release.xcconfig"; sourceTree = "<group>"; };
		D02DC46822F3ECE000CC2A08 /* Room3ViewController.swift */ = {isa = PBXFileReference; lastKnownFileType = sourcecode.swift; path = Room3ViewController.swift; sourceTree = "<group>"; };
		D02DC46A22F40F9A00CC2A08 /* Room4ViewController.swift */ = {isa = PBXFileReference; lastKnownFileType = sourcecode.swift; path = Room4ViewController.swift; sourceTree = "<group>"; };
		D02DC46C22F42BD400CC2A08 /* Room5ViewController.swift */ = {isa = PBXFileReference; lastKnownFileType = sourcecode.swift; path = Room5ViewController.swift; sourceTree = "<group>"; };
		D033975222E8707A00B898B9 /* loginViewController.swift */ = {isa = PBXFileReference; lastKnownFileType = sourcecode.swift; path = loginViewController.swift; sourceTree = "<group>"; };
		D0454E4022F3E7D100428E8A /* nothing2@3x.png */ = {isa = PBXFileReference; lastKnownFileType = image.png; name = "nothing2@3x.png"; path = "../../../chatIconImage/nothing2@3x.png"; sourceTree = "<group>"; };
		D0454E4122F3E7D100428E8A /* nothing2@2x.png */ = {isa = PBXFileReference; lastKnownFileType = image.png; name = "nothing2@2x.png"; path = "../../../chatIconImage/nothing2@2x.png"; sourceTree = "<group>"; };
		D0454E4222F3E7D100428E8A /* nothing2.png */ = {isa = PBXFileReference; lastKnownFileType = image.png; name = nothing2.png; path = ../../../chatIconImage/nothing2.png; sourceTree = "<group>"; };
		D064D9BC22EF79940072E83E /* PostTableViewCell.swift */ = {isa = PBXFileReference; lastKnownFileType = sourcecode.swift; path = PostTableViewCell.swift; sourceTree = "<group>"; };
		D064D9BD22EF79940072E83E /* PostTableViewCell.xib */ = {isa = PBXFileReference; lastKnownFileType = file.xib; path = PostTableViewCell.xib; sourceTree = "<group>"; };
		D07B5BFB22E21755006B339C /* iconChat.app */ = {isa = PBXFileReference; explicitFileType = wrapper.application; includeInIndex = 0; path = iconChat.app; sourceTree = BUILT_PRODUCTS_DIR; };
		D07B5BFE22E21755006B339C /* AppDelegate.swift */ = {isa = PBXFileReference; lastKnownFileType = sourcecode.swift; path = AppDelegate.swift; sourceTree = "<group>"; };
		D07B5C0022E21755006B339C /* ViewController.swift */ = {isa = PBXFileReference; lastKnownFileType = sourcecode.swift; path = ViewController.swift; sourceTree = "<group>"; };
		D07B5C0322E21755006B339C /* Base */ = {isa = PBXFileReference; lastKnownFileType = file.storyboard; name = Base; path = Base.lproj/Main.storyboard; sourceTree = "<group>"; };
		D07B5C0522E21756006B339C /* Assets.xcassets */ = {isa = PBXFileReference; lastKnownFileType = folder.assetcatalog; path = Assets.xcassets; sourceTree = "<group>"; };
		D07B5C0822E21756006B339C /* Base */ = {isa = PBXFileReference; lastKnownFileType = file.storyboard; name = Base; path = Base.lproj/LaunchScreen.storyboard; sourceTree = "<group>"; };
		D07B5C0A22E21756006B339C /* Info.plist */ = {isa = PBXFileReference; lastKnownFileType = text.plist.xml; path = Info.plist; sourceTree = "<group>"; };
		D07B5C5222E21FD2006B339C /* girl@3x.png */ = {isa = PBXFileReference; lastKnownFileType = image.png; path = "girl@3x.png"; sourceTree = "<group>"; };
		D07B5C5322E21FD2006B339C /* hime@2x.png */ = {isa = PBXFileReference; lastKnownFileType = image.png; path = "hime@2x.png"; sourceTree = "<group>"; };
		D07B5C5422E21FD2006B339C /* oldman@3x.png */ = {isa = PBXFileReference; lastKnownFileType = image.png; path = "oldman@3x.png"; sourceTree = "<group>"; };
		D07B5C5522E21FD2006B339C /* god@2x.png */ = {isa = PBXFileReference; lastKnownFileType = image.png; path = "god@2x.png"; sourceTree = "<group>"; };
		D07B5C5622E21FD2006B339C /* hime@3x.png */ = {isa = PBXFileReference; lastKnownFileType = image.png; path = "hime@3x.png"; sourceTree = "<group>"; };
		D07B5C5722E21FD2006B339C /* god@3x.png */ = {isa = PBXFileReference; lastKnownFileType = image.png; path = "god@3x.png"; sourceTree = "<group>"; };
		D07B5C5822E21FD2006B339C /* sportman@3x.png */ = {isa = PBXFileReference; lastKnownFileType = image.png; path = "sportman@3x.png"; sourceTree = "<group>"; };
		D07B5C5922E21FD2006B339C /* girl.png */ = {isa = PBXFileReference; lastKnownFileType = image.png; path = girl.png; sourceTree = "<group>"; };
		D07B5C5A22E21FD2006B339C /* magicman@3x.png */ = {isa = PBXFileReference; lastKnownFileType = image.png; path = "magicman@3x.png"; sourceTree = "<group>"; };
		D07B5C5B22E21FD2006B339C /* man@3x.png */ = {isa = PBXFileReference; lastKnownFileType = image.png; path = "man@3x.png"; sourceTree = "<group>"; };
		D07B5C5C22E21FD3006B339C /* man@2x.png */ = {isa = PBXFileReference; lastKnownFileType = image.png; path = "man@2x.png"; sourceTree = "<group>"; };
		D07B5C5D22E21FD3006B339C /* tono@2x.png */ = {isa = PBXFileReference; lastKnownFileType = image.png; path = "tono@2x.png"; sourceTree = "<group>"; };
		D07B5C5E22E21FD3006B339C /* tono@3x.png */ = {isa = PBXFileReference; lastKnownFileType = image.png; path = "tono@3x.png"; sourceTree = "<group>"; };
		D07B5C5F22E21FD3006B339C /* magicman@2x.png */ = {isa = PBXFileReference; lastKnownFileType = image.png; path = "magicman@2x.png"; sourceTree = "<group>"; };
		D07B5C6022E21FD3006B339C /* magicman.png */ = {isa = PBXFileReference; lastKnownFileType = image.png; path = magicman.png; sourceTree = "<group>"; };
		D07B5C6222E21FD3006B339C /* god.png */ = {isa = PBXFileReference; lastKnownFileType = image.png; path = god.png; sourceTree = "<group>"; };
		D07B5C6622E21FD3006B339C /* sportman@2x.png */ = {isa = PBXFileReference; lastKnownFileType = image.png; path = "sportman@2x.png"; sourceTree = "<group>"; };
		D07B5C6822E21FD4006B339C /* tono.png */ = {isa = PBXFileReference; lastKnownFileType = image.png; path = tono.png; sourceTree = "<group>"; };
		D07B5C6922E21FD4006B339C /* man.png */ = {isa = PBXFileReference; lastKnownFileType = image.png; path = man.png; sourceTree = "<group>"; };
		D07B5C6B22E21FD4006B339C /* oldman.png */ = {isa = PBXFileReference; lastKnownFileType = image.png; path = oldman.png; sourceTree = "<group>"; };
		D07B5C6C22E21FD4006B339C /* girl@2x.png */ = {isa = PBXFileReference; lastKnownFileType = image.png; path = "girl@2x.png"; sourceTree = "<group>"; };
		D07B5C6D22E21FD4006B339C /* sportman.png */ = {isa = PBXFileReference; lastKnownFileType = image.png; path = sportman.png; sourceTree = "<group>"; };
		D07B5C6E22E21FD4006B339C /* oldman@2x.png */ = {isa = PBXFileReference; lastKnownFileType = image.png; path = "oldman@2x.png"; sourceTree = "<group>"; };
		D07B5C6F22E21FD5006B339C /* hime.png */ = {isa = PBXFileReference; lastKnownFileType = image.png; path = hime.png; sourceTree = "<group>"; };
		D07B5C8E22E22297006B339C /* death.png */ = {isa = PBXFileReference; lastKnownFileType = image.png; path = death.png; sourceTree = "<group>"; };
		D07B5C8F22E22297006B339C /* death@x3.png */ = {isa = PBXFileReference; lastKnownFileType = image.png; path = "death@x3.png"; sourceTree = "<group>"; };
		D07B5C9022E22297006B339C /* death@x2.png */ = {isa = PBXFileReference; lastKnownFileType = image.png; path = "death@x2.png"; sourceTree = "<group>"; };
		D0ACB9A122E346D0006F155E /* GoogleService-Info.plist */ = {isa = PBXFileReference; fileEncoding = 4; lastKnownFileType = text.plist.xml; path = "GoogleService-Info.plist"; sourceTree = "<group>"; };
		D0D9BAEB22F3CD3800C3CB37 /* Room2ViewController.swift */ = {isa = PBXFileReference; lastKnownFileType = sourcecode.swift; path = Room2ViewController.swift; sourceTree = "<group>"; };
		D0F42A2622EE282E00B95BAD /* Room1ViewController.swift */ = {isa = PBXFileReference; lastKnownFileType = sourcecode.swift; path = Room1ViewController.swift; sourceTree = "<group>"; };
		D0F42A2822EE2AA000B95BAD /* SelectViewController.swift */ = {isa = PBXFileReference; lastKnownFileType = sourcecode.swift; path = SelectViewController.swift; sourceTree = "<group>"; };
		D0F42A2A22EE2E3D00B95BAD /* PostDate.swift */ = {isa = PBXFileReference; lastKnownFileType = sourcecode.swift; path = PostDate.swift; sourceTree = "<group>"; };
/* End PBXFileReference section */

/* Begin PBXFrameworksBuildPhase section */
		D07B5BF822E21755006B339C /* Frameworks */ = {
			isa = PBXFrameworksBuildPhase;
			buildActionMask = 2147483647;
			files = (
				CA762396F1E995DA0425E0C5 /* Pods_iconChat.framework in Frameworks */,
			);
			runOnlyForDeploymentPostprocessing = 0;
		};
/* End PBXFrameworksBuildPhase section */

/* Begin PBXGroup section */
		54090DE7ECD91D1B21B7B0A4 /* Frameworks */ = {
			isa = PBXGroup;
			children = (
				1F799C384691151D22378AD4 /* Pods_iconChat.framework */,
			);
			name = Frameworks;
			sourceTree = "<group>";
		};
		9911B3B0535ED5B8D3D4E64C /* Pods */ = {
			isa = PBXGroup;
			children = (
				95AE7F32138CA3A1430F801E /* Pods-iconChat.debug.xcconfig */,
				9FA257EDE58C34789A246B3F /* Pods-iconChat.release.xcconfig */,
			);
			path = Pods;
			sourceTree = "<group>";
		};
		D07B5BF222E21755006B339C = {
			isa = PBXGroup;
			children = (
				D07B5BFD22E21755006B339C /* iconChat */,
				D07B5BFC22E21755006B339C /* Products */,
				9911B3B0535ED5B8D3D4E64C /* Pods */,
				54090DE7ECD91D1B21B7B0A4 /* Frameworks */,
			);
			sourceTree = "<group>";
		};
		D07B5BFC22E21755006B339C /* Products */ = {
			isa = PBXGroup;
			children = (
				D07B5BFB22E21755006B339C /* iconChat.app */,
			);
			name = Products;
			sourceTree = "<group>";
		};
		D07B5BFD22E21755006B339C /* iconChat */ = {
			isa = PBXGroup;
			children = (
				D0ACB9A122E346D0006F155E /* GoogleService-Info.plist */,
				D07B5BFE22E21755006B339C /* AppDelegate.swift */,
				D033975222E8707A00B898B9 /* loginViewController.swift */,
				D07B5C0022E21755006B339C /* ViewController.swift */,
				D0F42A2822EE2AA000B95BAD /* SelectViewController.swift */,
				D0D9BAE822F3C1E100C3CB37 /* Rooms */,
				D0C7D4CC22F3E07B0003D6A2 /* common */,
				D07B5C0222E21755006B339C /* Main.storyboard */,
				D07B5C0522E21756006B339C /* Assets.xcassets */,
				D0454E4222F3E7D100428E8A /* nothing2.png */,
				D0454E4122F3E7D100428E8A /* nothing2@2x.png */,
				D0454E4022F3E7D100428E8A /* nothing2@3x.png */,
				D07B5C8E22E22297006B339C /* death.png */,
				D07B5C9022E22297006B339C /* death@x2.png */,
				D07B5C8F22E22297006B339C /* death@x3.png */,
				D07B5C5922E21FD2006B339C /* girl.png */,
				D07B5C6C22E21FD4006B339C /* girl@2x.png */,
				D07B5C5222E21FD2006B339C /* girl@3x.png */,
				D07B5C6222E21FD3006B339C /* god.png */,
				D07B5C5522E21FD2006B339C /* god@2x.png */,
				D07B5C5722E21FD2006B339C /* god@3x.png */,
				D07B5C6F22E21FD5006B339C /* hime.png */,
				D07B5C5322E21FD2006B339C /* hime@2x.png */,
				D07B5C5622E21FD2006B339C /* hime@3x.png */,
				D07B5C6022E21FD3006B339C /* magicman.png */,
				D07B5C5F22E21FD3006B339C /* magicman@2x.png */,
				D07B5C5A22E21FD2006B339C /* magicman@3x.png */,
				D07B5C6922E21FD4006B339C /* man.png */,
				D07B5C5C22E21FD3006B339C /* man@2x.png */,
				D07B5C5B22E21FD2006B339C /* man@3x.png */,
				D07B5C6B22E21FD4006B339C /* oldman.png */,
				D07B5C6E22E21FD4006B339C /* oldman@2x.png */,
				D07B5C5422E21FD2006B339C /* oldman@3x.png */,
				D07B5C6D22E21FD4006B339C /* sportman.png */,
				D07B5C6622E21FD3006B339C /* sportman@2x.png */,
				D07B5C5822E21FD2006B339C /* sportman@3x.png */,
				D07B5C6822E21FD4006B339C /* tono.png */,
				D07B5C5D22E21FD3006B339C /* tono@2x.png */,
				D07B5C5E22E21FD3006B339C /* tono@3x.png */,
				D07B5C0722E21756006B339C /* LaunchScreen.storyboard */,
				D07B5C0A22E21756006B339C /* Info.plist */,
			);
			path = iconChat;
			sourceTree = "<group>";
		};
		D0C7D4CC22F3E07B0003D6A2 /* common */ = {
			isa = PBXGroup;
			children = (
				D0F42A2A22EE2E3D00B95BAD /* PostDate.swift */,
				D064D9BC22EF79940072E83E /* PostTableViewCell.swift */,
				D064D9BD22EF79940072E83E /* PostTableViewCell.xib */,
			);
			path = common;
			sourceTree = "<group>";
		};
		D0D9BAE822F3C1E100C3CB37 /* Rooms */ = {
			isa = PBXGroup;
			children = (
				D0F42A2622EE282E00B95BAD /* Room1ViewController.swift */,
				D0D9BAEB22F3CD3800C3CB37 /* Room2ViewController.swift */,
				D02DC46822F3ECE000CC2A08 /* Room3ViewController.swift */,
				D02DC46A22F40F9A00CC2A08 /* Room4ViewController.swift */,
				D02DC46C22F42BD400CC2A08 /* Room5ViewController.swift */,
			);
			path = Rooms;
			sourceTree = "<group>";
		};
/* End PBXGroup section */

/* Begin PBXNativeTarget section */
		D07B5BFA22E21755006B339C /* iconChat */ = {
			isa = PBXNativeTarget;
			buildConfigurationList = D07B5C0D22E21756006B339C /* Build configuration list for PBXNativeTarget "iconChat" */;
			buildPhases = (
				0584649F1B2C9E7BE13654C1 /* [CP] Check Pods Manifest.lock */,
				D07B5BF722E21755006B339C /* Sources */,
				D07B5BF822E21755006B339C /* Frameworks */,
				D07B5BF922E21755006B339C /* Resources */,
				A9B9732EDE26D96C5A9A1FAA /* [CP] Embed Pods Frameworks */,
			);
			buildRules = (
			);
			dependencies = (
			);
			name = iconChat;
			productName = iconChat;
			productReference = D07B5BFB22E21755006B339C /* iconChat.app */;
			productType = "com.apple.product-type.application";
		};
/* End PBXNativeTarget section */

/* Begin PBXProject section */
		D07B5BF322E21755006B339C /* Project object */ = {
			isa = PBXProject;
			attributes = {
				LastSwiftUpdateCheck = 1020;
				LastUpgradeCheck = 1020;
				ORGANIZATIONNAME = shinji.misaka;
				TargetAttributes = {
					D07B5BFA22E21755006B339C = {
						CreatedOnToolsVersion = 10.2.1;
					};
				};
			};
			buildConfigurationList = D07B5BF622E21755006B339C /* Build configuration list for PBXProject "iconChat" */;
			compatibilityVersion = "Xcode 9.3";
			developmentRegion = en;
			hasScannedForEncodings = 0;
			knownRegions = (
				en,
				Base,
			);
			mainGroup = D07B5BF222E21755006B339C;
			productRefGroup = D07B5BFC22E21755006B339C /* Products */;
			projectDirPath = "";
			projectRoot = "";
			targets = (
				D07B5BFA22E21755006B339C /* iconChat */,
			);
		};
/* End PBXProject section */

/* Begin PBXResourcesBuildPhase section */
		D07B5BF922E21755006B339C /* Resources */ = {
			isa = PBXResourcesBuildPhase;
			buildActionMask = 2147483647;
			files = (
				D07B5C7E22E21FD5006B339C /* magicman.png in Resources */,
				D07B5C8922E21FD5006B339C /* oldman.png in Resources */,
				D07B5C9122E22298006B339C /* death.png in Resources */,
				D0454E4522F3E7D100428E8A /* nothing2.png in Resources */,
				D07B5C8A22E21FD5006B339C /* girl@2x.png in Resources */,
				D07B5C7322E21FD5006B339C /* god@2x.png in Resources */,
				D07B5C8C22E21FD5006B339C /* oldman@2x.png in Resources */,
				D07B5C7B22E21FD5006B339C /* tono@2x.png in Resources */,
				D07B5C7522E21FD5006B339C /* god@3x.png in Resources */,
				D07B5C8B22E21FD5006B339C /* sportman.png in Resources */,
				D07B5C7822E21FD5006B339C /* magicman@3x.png in Resources */,
				D07B5C7A22E21FD5006B339C /* man@2x.png in Resources */,
				D064D9BF22EF79940072E83E /* PostTableViewCell.xib in Resources */,
				D07B5C0922E21756006B339C /* LaunchScreen.storyboard in Resources */,
				D07B5C0622E21756006B339C /* Assets.xcassets in Resources */,
				D07B5C8622E21FD5006B339C /* tono.png in Resources */,
				D07B5C0422E21755006B339C /* Main.storyboard in Resources */,
				D07B5C9222E22298006B339C /* death@x3.png in Resources */,
				D07B5C7D22E21FD5006B339C /* magicman@2x.png in Resources */,
				D07B5C7422E21FD5006B339C /* hime@3x.png in Resources */,
				D0454E4422F3E7D100428E8A /* nothing2@2x.png in Resources */,
				D07B5C8022E21FD5006B339C /* god.png in Resources */,
				D07B5C7C22E21FD5006B339C /* tono@3x.png in Resources */,
				D0454E4322F3E7D100428E8A /* nothing2@3x.png in Resources */,
				D07B5C8422E21FD5006B339C /* sportman@2x.png in Resources */,
				D07B5C7722E21FD5006B339C /* girl.png in Resources */,
				D07B5C8D22E21FD5006B339C /* hime.png in Resources */,
				D07B5C7022E21FD5006B339C /* girl@3x.png in Resources */,
				D07B5C8722E21FD5006B339C /* man.png in Resources */,
				D07B5C9322E22298006B339C /* death@x2.png in Resources */,
				D0ACB9A222E346D0006F155E /* GoogleService-Info.plist in Resources */,
				D07B5C7922E21FD5006B339C /* man@3x.png in Resources */,
				D07B5C7222E21FD5006B339C /* oldman@3x.png in Resources */,
				D07B5C7122E21FD5006B339C /* hime@2x.png in Resources */,
				D07B5C7622E21FD5006B339C /* sportman@3x.png in Resources */,
			);
			runOnlyForDeploymentPostprocessing = 0;
		};
/* End PBXResourcesBuildPhase section */

/* Begin PBXShellScriptBuildPhase section */
		0584649F1B2C9E7BE13654C1 /* [CP] Check Pods Manifest.lock */ = {
			isa = PBXShellScriptBuildPhase;
			buildActionMask = 2147483647;
			files = (
			);
			inputFileListPaths = (
			);
			inputPaths = (
				"${PODS_PODFILE_DIR_PATH}/Podfile.lock",
				"${PODS_ROOT}/Manifest.lock",
			);
			name = "[CP] Check Pods Manifest.lock";
			outputFileListPaths = (
			);
			outputPaths = (
				"$(DERIVED_FILE_DIR)/Pods-iconChat-checkManifestLockResult.txt",
			);
			runOnlyForDeploymentPostprocessing = 0;
			shellPath = /bin/sh;
			shellScript = "diff \"${PODS_PODFILE_DIR_PATH}/Podfile.lock\" \"${PODS_ROOT}/Manifest.lock\" > /dev/null\nif [ $? != 0 ] ; then\n    # print error to STDERR\n    echo \"error: The sandbox is not in sync with the Podfile.lock. Run 'pod install' or update your CocoaPods installation.\" >&2\n    exit 1\nfi\n# This output is used by Xcode 'outputs' to avoid re-running this script phase.\necho \"SUCCESS\" > \"${SCRIPT_OUTPUT_FILE_0}\"\n";
			showEnvVarsInLog = 0;
		};
		A9B9732EDE26D96C5A9A1FAA /* [CP] Embed Pods Frameworks */ = {
			isa = PBXShellScriptBuildPhase;
			buildActionMask = 2147483647;
			files = (
			);
			inputFileListPaths = (
				"${PODS_ROOT}/Target Support Files/Pods-iconChat/Pods-iconChat-frameworks-${CONFIGURATION}-input-files.xcfilelist",
			);
			name = "[CP] Embed Pods Frameworks";
			outputFileListPaths = (
				"${PODS_ROOT}/Target Support Files/Pods-iconChat/Pods-iconChat-frameworks-${CONFIGURATION}-output-files.xcfilelist",
			);
			runOnlyForDeploymentPostprocessing = 0;
			shellPath = /bin/sh;
			shellScript = "\"${PODS_ROOT}/Target Support Files/Pods-iconChat/Pods-iconChat-frameworks.sh\"\n";
			showEnvVarsInLog = 0;
		};
/* End PBXShellScriptBuildPhase section */

/* Begin PBXSourcesBuildPhase section */
		D07B5BF722E21755006B339C /* Sources */ = {
			isa = PBXSourcesBuildPhase;
			buildActionMask = 2147483647;
			files = (
				D064D9BE22EF79940072E83E /* PostTableViewCell.swift in Sources */,
				D07B5C0122E21755006B339C /* ViewController.swift in Sources */,
				D02DC46B22F40F9A00CC2A08 /* Room4ViewController.swift in Sources */,
				D0D9BAEC22F3CD3800C3CB37 /* Room2ViewController.swift in Sources */,
				D0F42A2722EE282E00B95BAD /* Room1ViewController.swift in Sources */,
				D0F42A2922EE2AA000B95BAD /* SelectViewController.swift in Sources */,
				D02DC46D22F42BD400CC2A08 /* Room5ViewController.swift in Sources */,
				D02DC46922F3ECE000CC2A08 /* Room3ViewController.swift in Sources */,
				D07B5BFF22E21755006B339C /* AppDelegate.swift in Sources */,
				D033975322E8707A00B898B9 /* loginViewController.swift in Sources */,
				D0F42A2B22EE2E3D00B95BAD /* PostDate.swift in Sources */,
			);
			runOnlyForDeploymentPostprocessing = 0;
		};
/* End PBXSourcesBuildPhase section */

/* Begin PBXVariantGroup section */
		D07B5C0222E21755006B339C /* Main.storyboard */ = {
			isa = PBXVariantGroup;
			children = (
				D07B5C0322E21755006B339C /* Base */,
			);
			name = Main.storyboard;
			sourceTree = "<group>";
		};
		D07B5C0722E21756006B339C /* LaunchScreen.storyboard */ = {
			isa = PBXVariantGroup;
			children = (
				D07B5C0822E21756006B339C /* Base */,
			);
			name = LaunchScreen.storyboard;
			sourceTree = "<group>";
		};
/* End PBXVariantGroup section */

/* Begin XCBuildConfiguration section */
		D07B5C0B22E21756006B339C /* Debug */ = {
			isa = XCBuildConfiguration;
			buildSettings = {
				ALWAYS_SEARCH_USER_PATHS = NO;
				CLANG_ANALYZER_NONNULL = YES;
				CLANG_ANALYZER_NUMBER_OBJECT_CONVERSION = YES_AGGRESSIVE;
				CLANG_CXX_LANGUAGE_STANDARD = "gnu++14";
				CLANG_CXX_LIBRARY = "libc++";
				CLANG_ENABLE_MODULES = YES;
				CLANG_ENABLE_OBJC_ARC = YES;
				CLANG_ENABLE_OBJC_WEAK = YES;
				CLANG_WARN_BLOCK_CAPTURE_AUTORELEASING = YES;
				CLANG_WARN_BOOL_CONVERSION = YES;
				CLANG_WARN_COMMA = YES;
				CLANG_WARN_CONSTANT_CONVERSION = YES;
				CLANG_WARN_DEPRECATED_OBJC_IMPLEMENTATIONS = YES;
				CLANG_WARN_DIRECT_OBJC_ISA_USAGE = YES_ERROR;
				CLANG_WARN_DOCUMENTATION_COMMENTS = YES;
				CLANG_WARN_EMPTY_BODY = YES;
				CLANG_WARN_ENUM_CONVERSION = YES;
				CLANG_WARN_INFINITE_RECURSION = YES;
				CLANG_WARN_INT_CONVERSION = YES;
				CLANG_WARN_NON_LITERAL_NULL_CONVERSION = YES;
				CLANG_WARN_OBJC_IMPLICIT_RETAIN_SELF = YES;
				CLANG_WARN_OBJC_LITERAL_CONVERSION = YES;
				CLANG_WARN_OBJC_ROOT_CLASS = YES_ERROR;
				CLANG_WARN_RANGE_LOOP_ANALYSIS = YES;
				CLANG_WARN_STRICT_PROTOTYPES = YES;
				CLANG_WARN_SUSPICIOUS_MOVE = YES;
				CLANG_WARN_UNGUARDED_AVAILABILITY = YES_AGGRESSIVE;
				CLANG_WARN_UNREACHABLE_CODE = YES;
				CLANG_WARN__DUPLICATE_METHOD_MATCH = YES;
				CODE_SIGN_IDENTITY = "iPhone Developer";
				COPY_PHASE_STRIP = NO;
				DEBUG_INFORMATION_FORMAT = dwarf;
				ENABLE_STRICT_OBJC_MSGSEND = YES;
				ENABLE_TESTABILITY = YES;
				GCC_C_LANGUAGE_STANDARD = gnu11;
				GCC_DYNAMIC_NO_PIC = NO;
				GCC_NO_COMMON_BLOCKS = YES;
				GCC_OPTIMIZATION_LEVEL = 0;
				GCC_PREPROCESSOR_DEFINITIONS = (
					"DEBUG=1",
					"$(inherited)",
				);
				GCC_WARN_64_TO_32_BIT_CONVERSION = YES;
				GCC_WARN_ABOUT_RETURN_TYPE = YES_ERROR;
				GCC_WARN_UNDECLARED_SELECTOR = YES;
				GCC_WARN_UNINITIALIZED_AUTOS = YES_AGGRESSIVE;
				GCC_WARN_UNUSED_FUNCTION = YES;
				GCC_WARN_UNUSED_VARIABLE = YES;
				IPHONEOS_DEPLOYMENT_TARGET = 12.2;
				MTL_ENABLE_DEBUG_INFO = INCLUDE_SOURCE;
				MTL_FAST_MATH = YES;
				ONLY_ACTIVE_ARCH = YES;
				SDKROOT = iphoneos;
				SWIFT_ACTIVE_COMPILATION_CONDITIONS = DEBUG;
				SWIFT_OPTIMIZATION_LEVEL = "-Onone";
			};
			name = Debug;
		};
		D07B5C0C22E21756006B339C /* Release */ = {
			isa = XCBuildConfiguration;
			buildSettings = {
				ALWAYS_SEARCH_USER_PATHS = NO;
				CLANG_ANALYZER_NONNULL = YES;
				CLANG_ANALYZER_NUMBER_OBJECT_CONVERSION = YES_AGGRESSIVE;
				CLANG_CXX_LANGUAGE_STANDARD = "gnu++14";
				CLANG_CXX_LIBRARY = "libc++";
				CLANG_ENABLE_MODULES = YES;
				CLANG_ENABLE_OBJC_ARC = YES;
				CLANG_ENABLE_OBJC_WEAK = YES;
				CLANG_WARN_BLOCK_CAPTURE_AUTORELEASING = YES;
				CLANG_WARN_BOOL_CONVERSION = YES;
				CLANG_WARN_COMMA = YES;
				CLANG_WARN_CONSTANT_CONVERSION = YES;
				CLANG_WARN_DEPRECATED_OBJC_IMPLEMENTATIONS = YES;
				CLANG_WARN_DIRECT_OBJC_ISA_USAGE = YES_ERROR;
				CLANG_WARN_DOCUMENTATION_COMMENTS = YES;
				CLANG_WARN_EMPTY_BODY = YES;
				CLANG_WARN_ENUM_CONVERSION = YES;
				CLANG_WARN_INFINITE_RECURSION = YES;
				CLANG_WARN_INT_CONVERSION = YES;
				CLANG_WARN_NON_LITERAL_NULL_CONVERSION = YES;
				CLANG_WARN_OBJC_IMPLICIT_RETAIN_SELF = YES;
				CLANG_WARN_OBJC_LITERAL_CONVERSION = YES;
				CLANG_WARN_OBJC_ROOT_CLASS = YES_ERROR;
				CLANG_WARN_RANGE_LOOP_ANALYSIS = YES;
				CLANG_WARN_STRICT_PROTOTYPES = YES;
				CLANG_WARN_SUSPICIOUS_MOVE = YES;
				CLANG_WARN_UNGUARDED_AVAILABILITY = YES_AGGRESSIVE;
				CLANG_WARN_UNREACHABLE_CODE = YES;
				CLANG_WARN__DUPLICATE_METHOD_MATCH = YES;
				CODE_SIGN_IDENTITY = "iPhone Developer";
				COPY_PHASE_STRIP = NO;
				DEBUG_INFORMATION_FORMAT = "dwarf-with-dsym";
				ENABLE_NS_ASSERTIONS = NO;
				ENABLE_STRICT_OBJC_MSGSEND = YES;
				GCC_C_LANGUAGE_STANDARD = gnu11;
				GCC_NO_COMMON_BLOCKS = YES;
				GCC_WARN_64_TO_32_BIT_CONVERSION = YES;
				GCC_WARN_ABOUT_RETURN_TYPE = YES_ERROR;
				GCC_WARN_UNDECLARED_SELECTOR = YES;
				GCC_WARN_UNINITIALIZED_AUTOS = YES_AGGRESSIVE;
				GCC_WARN_UNUSED_FUNCTION = YES;
				GCC_WARN_UNUSED_VARIABLE = YES;
				IPHONEOS_DEPLOYMENT_TARGET = 12.2;
				MTL_ENABLE_DEBUG_INFO = NO;
				MTL_FAST_MATH = YES;
				SDKROOT = iphoneos;
				SWIFT_COMPILATION_MODE = wholemodule;
				SWIFT_OPTIMIZATION_LEVEL = "-O";
				VALIDATE_PRODUCT = YES;
			};
			name = Release;
		};
		D07B5C0E22E21756006B339C /* Debug */ = {
			isa = XCBuildConfiguration;
			baseConfigurationReference = 95AE7F32138CA3A1430F801E /* Pods-iconChat.debug.xcconfig */;
			buildSettings = {
				ASSETCATALOG_COMPILER_APPICON_NAME = AppIcon;
				CODE_SIGN_STYLE = Automatic;
				DEVELOPMENT_TEAM = R572RCVA7U;
				INFOPLIST_FILE = iconChat/Info.plist;
				LD_RUNPATH_SEARCH_PATHS = (
					"$(inherited)",
					"@executable_path/Frameworks",
				);
				PRODUCT_BUNDLE_IDENTIFIER = jp.techacademy.shinji.misaka.iconChat;
				PRODUCT_NAME = "$(TARGET_NAME)";
				SWIFT_VERSION = 5.0;
				TARGETED_DEVICE_FAMILY = 1;
			};
			name = Debug;
		};
		D07B5C0F22E21756006B339C /* Release */ = {
			isa = XCBuildConfiguration;
			baseConfigurationReference = 9FA257EDE58C34789A246B3F /* Pods-iconChat.release.xcconfig */;
			buildSettings = {
				ASSETCATALOG_COMPILER_APPICON_NAME = AppIcon;
				CODE_SIGN_STYLE = Automatic;
				DEVELOPMENT_TEAM = R572RCVA7U;
				INFOPLIST_FILE = iconChat/Info.plist;
				LD_RUNPATH_SEARCH_PATHS = (
					"$(inherited)",
					"@executable_path/Frameworks",
				);
				PRODUCT_BUNDLE_IDENTIFIER = jp.techacademy.shinji.misaka.iconChat;
				PRODUCT_NAME = "$(TARGET_NAME)";
				SWIFT_VERSION = 5.0;
				TARGETED_DEVICE_FAMILY = 1;
			};
			name = Release;
		};
/* End XCBuildConfiguration section */

/* Begin XCConfigurationList section */
		D07B5BF622E21755006B339C /* Build configuration list for PBXProject "iconChat" */ = {
			isa = XCConfigurationList;
			buildConfigurations = (
				D07B5C0B22E21756006B339C /* Debug */,
				D07B5C0C22E21756006B339C /* Release */,
			);
			defaultConfigurationIsVisible = 0;
			defaultConfigurationName = Release;
		};
		D07B5C0D22E21756006B339C /* Build configuration list for PBXNativeTarget "iconChat" */ = {
			isa = XCConfigurationList;
			buildConfigurations = (
				D07B5C0E22E21756006B339C /* Debug */,
				D07B5C0F22E21756006B339C /* Release */,
			);
			defaultConfigurationIsVisible = 0;
			defaultConfigurationName = Release;
		};
/* End XCConfigurationList section */
	};
	rootObject = D07B5BF322E21755006B339C /* Project object */;
}
